PODS:
  - VRBackgrounView (1.0.0)

DEPENDENCIES:
  - VRBackgrounView (from `../`)

EXTERNAL SOURCES:
  VRBackgrounView:
    :path: "../"

SPEC CHECKSUMS:
  VRBackgrounView: c33a8fddebacaffdf52eded29ef3911312345f71

PODFILE CHECKSUM: ef20a5044185600f245723855c808da58b9949b2

COCOAPODS: 1.11.0.beta.2
