PODS:
  - VRBackgrounView (1.0.0)

DEPENDENCIES:
  - VRBackgrounView (from `../`)

EXTERNAL SOURCES:
  VRBackgrounView:
    :path: "../"

SPEC CHECKSUMS:
  VRBackgrounView: ba91e9d509e6fa10336af1597d752614d8b0860b

PODFILE CHECKSUM: ef20a5044185600f245723855c808da58b9949b2

COCOAPODS: 1.11.0.beta.2
